// !$*UTF8*$!
{
	archiveVersion = 1;
	classes = {
	};
	objectVersion = 46;
	objects = {

/* Begin PBXBuildFile section */
		9C58DC29C729F9D069B3DA7A /* Pods_Pokedex.framework in Frameworks */ = {isa = PBXBuildFile; fileRef = 20F96EECA45EB2B96A9912B4 /* Pods_Pokedex.framework */; };
		FE56F6E41DD56C3F0076DCC6 /* AppDelegate.swift in Sources */ = {isa = PBXBuildFile; fileRef = FE56F6E31DD56C3F0076DCC6 /* AppDelegate.swift */; };
		FE56F6E61DD56C3F0076DCC6 /* ViewController.swift in Sources */ = {isa = PBXBuildFile; fileRef = FE56F6E51DD56C3F0076DCC6 /* ViewController.swift */; };
		FE56F6E91DD56C3F0076DCC6 /* Main.storyboard in Resources */ = {isa = PBXBuildFile; fileRef = FE56F6E71DD56C3F0076DCC6 /* Main.storyboard */; };
		FE56F6EB1DD56C3F0076DCC6 /* Assets.xcassets in Resources */ = {isa = PBXBuildFile; fileRef = FE56F6EA1DD56C3F0076DCC6 /* Assets.xcassets */; };
		FE56F6EE1DD56C3F0076DCC6 /* LaunchScreen.storyboard in Resources */ = {isa = PBXBuildFile; fileRef = FE56F6EC1DD56C3F0076DCC6 /* LaunchScreen.storyboard */; };
		FE8E60311DD56FAD00D418D8 /* pokemon.csv in Resources */ = {isa = PBXBuildFile; fileRef = FE8E60301DD56FAD00D418D8 /* pokemon.csv */; };
		FE8E60341DD570D500D418D8 /* Pokemon.swift in Sources */ = {isa = PBXBuildFile; fileRef = FE8E60331DD570D500D418D8 /* Pokemon.swift */; };
		FE8E60371DD587F700D418D8 /* PokeCell.swift in Sources */ = {isa = PBXBuildFile; fileRef = FE8E60361DD587F700D418D8 /* PokeCell.swift */; };
		FE8E60391DD594CC00D418D8 /* csv.swift in Sources */ = {isa = PBXBuildFile; fileRef = FE8E60381DD594CC00D418D8 /* csv.swift */; };
		FE8E603C1DD59AFD00D418D8 /* PokemonFontHollow.ttf in Resources */ = {isa = PBXBuildFile; fileRef = FE8E603A1DD59AFD00D418D8 /* PokemonFontHollow.ttf */; };
		FE8E603D1DD59AFD00D418D8 /* PokemonFontSolid.ttf in Resources */ = {isa = PBXBuildFile; fileRef = FE8E603B1DD59AFD00D418D8 /* PokemonFontSolid.ttf */; };
		FE8E60421DD5ABBE00D418D8 /* music.png in Resources */ = {isa = PBXBuildFile; fileRef = FE8E60411DD5ABBE00D418D8 /* music.png */; };
		FE8E60461DD5ABF300D418D8 /* pokemon.mp3 in Resources */ = {isa = PBXBuildFile; fileRef = FE8E60451DD5ABF300D418D8 /* pokemon.mp3 */; };
		FE8E604A1DDA861200D418D8 /* PokemonDetailVC.swift in Sources */ = {isa = PBXBuildFile; fileRef = FE8E60491DDA861200D418D8 /* PokemonDetailVC.swift */; };
/* End PBXBuildFile section */

/* Begin PBXFileReference section */
		04742EF5DFBC93E52E939CAA /* Pods-Pokedex.debug.xcconfig */ = {isa = PBXFileReference; includeInIndex = 1; lastKnownFileType = text.xcconfig; name = "Pods-Pokedex.debug.xcconfig"; path = "Pods/Target Support Files/Pods-Pokedex/Pods-Pokedex.debug.xcconfig"; sourceTree = "<group>"; };
		20F96EECA45EB2B96A9912B4 /* Pods_Pokedex.framework */ = {isa = PBXFileReference; explicitFileType = wrapper.framework; includeInIndex = 0; path = Pods_Pokedex.framework; sourceTree = BUILT_PRODUCTS_DIR; };
		22150F82537E632976BE5B8C /* Pods-Pokedex.release.xcconfig */ = {isa = PBXFileReference; includeInIndex = 1; lastKnownFileType = text.xcconfig; name = "Pods-Pokedex.release.xcconfig"; path = "Pods/Target Support Files/Pods-Pokedex/Pods-Pokedex.release.xcconfig"; sourceTree = "<group>"; };
		FE56F6E01DD56C3F0076DCC6 /* Pokedex.app */ = {isa = PBXFileReference; explicitFileType = wrapper.application; includeInIndex = 0; path = Pokedex.app; sourceTree = BUILT_PRODUCTS_DIR; };
		FE56F6E31DD56C3F0076DCC6 /* AppDelegate.swift */ = {isa = PBXFileReference; lastKnownFileType = sourcecode.swift; path = AppDelegate.swift; sourceTree = "<group>"; };
		FE56F6E51DD56C3F0076DCC6 /* ViewController.swift */ = {isa = PBXFileReference; lastKnownFileType = sourcecode.swift; path = ViewController.swift; sourceTree = "<group>"; };
		FE56F6E81DD56C3F0076DCC6 /* Base */ = {isa = PBXFileReference; lastKnownFileType = file.storyboard; name = Base; path = Base.lproj/Main.storyboard; sourceTree = "<group>"; };
		FE56F6EA1DD56C3F0076DCC6 /* Assets.xcassets */ = {isa = PBXFileReference; lastKnownFileType = folder.assetcatalog; path = Assets.xcassets; sourceTree = "<group>"; };
		FE56F6ED1DD56C3F0076DCC6 /* Base */ = {isa = PBXFileReference; lastKnownFileType = file.storyboard; name = Base; path = Base.lproj/LaunchScreen.storyboard; sourceTree = "<group>"; };
		FE56F6EF1DD56C3F0076DCC6 /* Info.plist */ = {isa = PBXFileReference; lastKnownFileType = text.plist.xml; path = Info.plist; sourceTree = "<group>"; };
		FE8E60301DD56FAD00D418D8 /* pokemon.csv */ = {isa = PBXFileReference; fileEncoding = 4; lastKnownFileType = text; path = pokemon.csv; sourceTree = "<group>"; };
		FE8E60331DD570D500D418D8 /* Pokemon.swift */ = {isa = PBXFileReference; fileEncoding = 4; lastKnownFileType = sourcecode.swift; path = Pokemon.swift; sourceTree = "<group>"; };
		FE8E60361DD587F700D418D8 /* PokeCell.swift */ = {isa = PBXFileReference; fileEncoding = 4; lastKnownFileType = sourcecode.swift; path = PokeCell.swift; sourceTree = "<group>"; };
		FE8E60381DD594CC00D418D8 /* csv.swift */ = {isa = PBXFileReference; fileEncoding = 4; lastKnownFileType = sourcecode.swift; path = csv.swift; sourceTree = "<group>"; };
		FE8E603A1DD59AFD00D418D8 /* PokemonFontHollow.ttf */ = {isa = PBXFileReference; lastKnownFileType = file; path = PokemonFontHollow.ttf; sourceTree = "<group>"; };
		FE8E603B1DD59AFD00D418D8 /* PokemonFontSolid.ttf */ = {isa = PBXFileReference; lastKnownFileType = file; path = PokemonFontSolid.ttf; sourceTree = "<group>"; };
		FE8E60411DD5ABBE00D418D8 /* music.png */ = {isa = PBXFileReference; lastKnownFileType = image.png; path = music.png; sourceTree = "<group>"; };
		FE8E60451DD5ABF300D418D8 /* pokemon.mp3 */ = {isa = PBXFileReference; lastKnownFileType = audio.mp3; path = pokemon.mp3; sourceTree = "<group>"; };
		FE8E60491DDA861200D418D8 /* PokemonDetailVC.swift */ = {isa = PBXFileReference; fileEncoding = 4; lastKnownFileType = sourcecode.swift; path = PokemonDetailVC.swift; sourceTree = "<group>"; };
/* End PBXFileReference section */

/* Begin PBXFrameworksBuildPhase section */
		FE56F6DD1DD56C3F0076DCC6 /* Frameworks */ = {
			isa = PBXFrameworksBuildPhase;
			buildActionMask = 2147483647;
			files = (
				9C58DC29C729F9D069B3DA7A /* Pods_Pokedex.framework in Frameworks */,
			);
			runOnlyForDeploymentPostprocessing = 0;
		};
/* End PBXFrameworksBuildPhase section */

/* Begin PBXGroup section */
		A9A5F0316537DDC22750D532 /* Frameworks */ = {
			isa = PBXGroup;
			children = (
				20F96EECA45EB2B96A9912B4 /* Pods_Pokedex.framework */,
			);
			name = Frameworks;
			sourceTree = "<group>";
		};
		DA65A53826FD57FD27967114 /* Pods */ = {
			isa = PBXGroup;
			children = (
				04742EF5DFBC93E52E939CAA /* Pods-Pokedex.debug.xcconfig */,
				22150F82537E632976BE5B8C /* Pods-Pokedex.release.xcconfig */,
			);
			name = Pods;
			sourceTree = "<group>";
		};
		FE56F6D71DD56C3F0076DCC6 = {
			isa = PBXGroup;
			children = (
				FE56F6E21DD56C3F0076DCC6 /* Pokedex */,
				FE56F6E11DD56C3F0076DCC6 /* Products */,
				DA65A53826FD57FD27967114 /* Pods */,
				A9A5F0316537DDC22750D532 /* Frameworks */,
			);
			sourceTree = "<group>";
		};
		FE56F6E11DD56C3F0076DCC6 /* Products */ = {
			isa = PBXGroup;
			children = (
				FE56F6E01DD56C3F0076DCC6 /* Pokedex.app */,
			);
			name = Products;
			sourceTree = "<group>";
		};
		FE56F6E21DD56C3F0076DCC6 /* Pokedex */ = {
			isa = PBXGroup;
			children = (
				FE8E60321DD570BC00D418D8 /* Model */,
				FE8E60351DD5878B00D418D8 /* View */,
				FE8E603E1DD59B4D00D418D8 /* Controller */,
				FE8E603F1DD59B6200D418D8 /* Resources */,
				FE8E60401DD59B8200D418D8 /* Utilities */,
				FE56F6E31DD56C3F0076DCC6 /* AppDelegate.swift */,
				FE56F6E71DD56C3F0076DCC6 /* Main.storyboard */,
				FE56F6EA1DD56C3F0076DCC6 /* Assets.xcassets */,
				FE56F6EC1DD56C3F0076DCC6 /* LaunchScreen.storyboard */,
				FE56F6EF1DD56C3F0076DCC6 /* Info.plist */,
			);
			path = Pokedex;
			sourceTree = "<group>";
		};
		FE8E60321DD570BC00D418D8 /* Model */ = {
			isa = PBXGroup;
			children = (
				FE8E60331DD570D500D418D8 /* Pokemon.swift */,
			);
			name = Model;
			sourceTree = "<group>";
		};
		FE8E60351DD5878B00D418D8 /* View */ = {
			isa = PBXGroup;
			children = (
				FE8E60361DD587F700D418D8 /* PokeCell.swift */,
			);
			name = View;
			sourceTree = "<group>";
		};
		FE8E603E1DD59B4D00D418D8 /* Controller */ = {
			isa = PBXGroup;
			children = (
				FE56F6E51DD56C3F0076DCC6 /* ViewController.swift */,
				FE8E60491DDA861200D418D8 /* PokemonDetailVC.swift */,
			);
			name = Controller;
			sourceTree = "<group>";
		};
		FE8E603F1DD59B6200D418D8 /* Resources */ = {
			isa = PBXGroup;
			children = (
				FE8E60451DD5ABF300D418D8 /* pokemon.mp3 */,
				FE8E60411DD5ABBE00D418D8 /* music.png */,
				FE8E60301DD56FAD00D418D8 /* pokemon.csv */,
				FE8E603B1DD59AFD00D418D8 /* PokemonFontSolid.ttf */,
				FE8E603A1DD59AFD00D418D8 /* PokemonFontHollow.ttf */,
			);
			name = Resources;
			sourceTree = "<group>";
		};
		FE8E60401DD59B8200D418D8 /* Utilities */ = {
			isa = PBXGroup;
			children = (
				FE8E60381DD594CC00D418D8 /* csv.swift */,
			);
			name = Utilities;
			sourceTree = "<group>";
		};
/* End PBXGroup section */

/* Begin PBXNativeTarget section */
		FE56F6DF1DD56C3F0076DCC6 /* Pokedex */ = {
			isa = PBXNativeTarget;
			buildConfigurationList = FE56F6F21DD56C3F0076DCC6 /* Build configuration list for PBXNativeTarget "Pokedex" */;
			buildPhases = (
				3BFE2262A0BD4AED07A09F13 /* [CP] Check Pods Manifest.lock */,
				FE56F6DC1DD56C3F0076DCC6 /* Sources */,
				FE56F6DD1DD56C3F0076DCC6 /* Frameworks */,
				FE56F6DE1DD56C3F0076DCC6 /* Resources */,
				19893BD61E7539744A75BA00 /* [CP] Embed Pods Frameworks */,
				EC6E2BE17D9FDB1E0D730A51 /* [CP] Copy Pods Resources */,
			);
			buildRules = (
			);
			dependencies = (
			);
			name = Pokedex;
			productName = Pokedex;
			productReference = FE56F6E01DD56C3F0076DCC6 /* Pokedex.app */;
			productType = "com.apple.product-type.application";
		};
/* End PBXNativeTarget section */

/* Begin PBXProject section */
		FE56F6D81DD56C3F0076DCC6 /* Project object */ = {
			isa = PBXProject;
			attributes = {
				LastSwiftUpdateCheck = 0810;
				LastUpgradeCheck = 0810;
				ORGANIZATIONNAME = PomHaffs;
				TargetAttributes = {
					FE56F6DF1DD56C3F0076DCC6 = {
						CreatedOnToolsVersion = 8.1;
						DevelopmentTeam = KDG44MVL2D;
						LastSwiftMigration = 0810;
						ProvisioningStyle = Automatic;
					};
				};
			};
			buildConfigurationList = FE56F6DB1DD56C3F0076DCC6 /* Build configuration list for PBXProject "Pokedex" */;
			compatibilityVersion = "Xcode 3.2";
			developmentRegion = English;
			hasScannedForEncodings = 0;
			knownRegions = (
				en,
				Base,
			);
			mainGroup = FE56F6D71DD56C3F0076DCC6;
			productRefGroup = FE56F6E11DD56C3F0076DCC6 /* Products */;
			projectDirPath = "";
			projectRoot = "";
			targets = (
				FE56F6DF1DD56C3F0076DCC6 /* Pokedex */,
			);
		};
/* End PBXProject section */

/* Begin PBXResourcesBuildPhase section */
		FE56F6DE1DD56C3F0076DCC6 /* Resources */ = {
			isa = PBXResourcesBuildPhase;
			buildActionMask = 2147483647;
			files = (
				FE56F6EE1DD56C3F0076DCC6 /* LaunchScreen.storyboard in Resources */,
				FE8E60421DD5ABBE00D418D8 /* music.png in Resources */,
				FE56F6EB1DD56C3F0076DCC6 /* Assets.xcassets in Resources */,
				FE8E603C1DD59AFD00D418D8 /* PokemonFontHollow.ttf in Resources */,
				FE8E603D1DD59AFD00D418D8 /* PokemonFontSolid.ttf in Resources */,
				FE8E60311DD56FAD00D418D8 /* pokemon.csv in Resources */,
				FE8E60461DD5ABF300D418D8 /* pokemon.mp3 in Resources */,
				FE56F6E91DD56C3F0076DCC6 /* Main.storyboard in Resources */,
			);
			runOnlyForDeploymentPostprocessing = 0;
		};
/* End PBXResourcesBuildPhase section */

/* Begin PBXShellScriptBuildPhase section */
		19893BD61E7539744A75BA00 /* [CP] Embed Pods Frameworks */ = {
			isa = PBXShellScriptBuildPhase;
			buildActionMask = 2147483647;
			files = (
			);
			inputPaths = (
			);
			name = "[CP] Embed Pods Frameworks";
			outputPaths = (
			);
			runOnlyForDeploymentPostprocessing = 0;
			shellPath = /bin/sh;
			shellScript = "\"${SRCROOT}/Pods/Target Support Files/Pods-Pokedex/Pods-Pokedex-frameworks.sh\"\n";
			showEnvVarsInLog = 0;
		};
		3BFE2262A0BD4AED07A09F13 /* [CP] Check Pods Manifest.lock */ = {
			isa = PBXShellScriptBuildPhase;
			buildActionMask = 2147483647;
			files = (
			);
			inputPaths = (
			);
			name = "[CP] Check Pods Manifest.lock";
			outputPaths = (
			);
			runOnlyForDeploymentPostprocessing = 0;
			shellPath = /bin/sh;
			shellScript = "diff \"${PODS_ROOT}/../Podfile.lock\" \"${PODS_ROOT}/Manifest.lock\" > /dev/null\nif [ $? != 0 ] ; then\n    # print error to STDERR\n    echo \"error: The sandbox is not in sync with the Podfile.lock. Run 'pod install' or update your CocoaPods installation.\" >&2\n    exit 1\nfi\n";
			showEnvVarsInLog = 0;
		};
		EC6E2BE17D9FDB1E0D730A51 /* [CP] Copy Pods Resources */ = {
			isa = PBXShellScriptBuildPhase;
			buildActionMask = 2147483647;
			files = (
			);
			inputPaths = (
			);
			name = "[CP] Copy Pods Resources";
			outputPaths = (
			);
			runOnlyForDeploymentPostprocessing = 0;
			shellPath = /bin/sh;
			shellScript = "\"${SRCROOT}/Pods/Target Support Files/Pods-Pokedex/Pods-Pokedex-resources.sh\"\n";
			showEnvVarsInLog = 0;
		};
/* End PBXShellScriptBuildPhase section */

/* Begin PBXSourcesBuildPhase section */
		FE56F6DC1DD56C3F0076DCC6 /* Sources */ = {
			isa = PBXSourcesBuildPhase;
			buildActionMask = 2147483647;
			files = (
				FE8E60371DD587F700D418D8 /* PokeCell.swift in Sources */,
				FE56F6E61DD56C3F0076DCC6 /* ViewController.swift in Sources */,
				FE56F6E41DD56C3F0076DCC6 /* AppDelegate.swift in Sources */,
				FE8E604A1DDA861200D418D8 /* PokemonDetailVC.swift in Sources */,
				FE8E60341DD570D500D418D8 /* Pokemon.swift in Sources */,
				FE8E60391DD594CC00D418D8 /* csv.swift in Sources */,
			);
			runOnlyForDeploymentPostprocessing = 0;
		};
/* End PBXSourcesBuildPhase section */

/* Begin PBXVariantGroup section */
		FE56F6E71DD56C3F0076DCC6 /* Main.storyboard */ = {
			isa = PBXVariantGroup;
			children = (
				FE56F6E81DD56C3F0076DCC6 /* Base */,
			);
			name = Main.storyboard;
			sourceTree = "<group>";
		};
		FE56F6EC1DD56C3F0076DCC6 /* LaunchScreen.storyboard */ = {
			isa = PBXVariantGroup;
			children = (
				FE56F6ED1DD56C3F0076DCC6 /* Base */,
			);
			name = LaunchScreen.storyboard;
			sourceTree = "<group>";
		};
/* End PBXVariantGroup section */

/* Begin XCBuildConfiguration section */
		FE56F6F01DD56C3F0076DCC6 /* Debug */ = {
			isa = XCBuildConfiguration;
			buildSettings = {
				ALWAYS_SEARCH_USER_PATHS = NO;
				CLANG_ANALYZER_NONNULL = YES;
				CLANG_CXX_LANGUAGE_STANDARD = "gnu++0x";
				CLANG_CXX_LIBRARY = "libc++";
				CLANG_ENABLE_MODULES = YES;
				CLANG_ENABLE_OBJC_ARC = YES;
				CLANG_WARN_BOOL_CONVERSION = YES;
				CLANG_WARN_CONSTANT_CONVERSION = YES;
				CLANG_WARN_DIRECT_OBJC_ISA_USAGE = YES_ERROR;
				CLANG_WARN_DOCUMENTATION_COMMENTS = YES;
				CLANG_WARN_EMPTY_BODY = YES;
				CLANG_WARN_ENUM_CONVERSION = YES;
				CLANG_WARN_INFINITE_RECURSION = YES;
				CLANG_WARN_INT_CONVERSION = YES;
				CLANG_WARN_OBJC_ROOT_CLASS = YES_ERROR;
				CLANG_WARN_SUSPICIOUS_MOVES = YES;
				CLANG_WARN_UNREACHABLE_CODE = YES;
				CLANG_WARN__DUPLICATE_METHOD_MATCH = YES;
				"CODE_SIGN_IDENTITY[sdk=iphoneos*]" = "iPhone Developer";
				COPY_PHASE_STRIP = NO;
				DEBUG_INFORMATION_FORMAT = dwarf;
				ENABLE_STRICT_OBJC_MSGSEND = YES;
				ENABLE_TESTABILITY = YES;
				GCC_C_LANGUAGE_STANDARD = gnu99;
				GCC_DYNAMIC_NO_PIC = NO;
				GCC_NO_COMMON_BLOCKS = YES;
				GCC_OPTIMIZATION_LEVEL = 0;
				GCC_PREPROCESSOR_DEFINITIONS = (
					"DEBUG=1",
					"$(inherited)",
				);
				GCC_WARN_64_TO_32_BIT_CONVERSION = YES;
				GCC_WARN_ABOUT_RETURN_TYPE = YES_ERROR;
				GCC_WARN_UNDECLARED_SELECTOR = YES;
				GCC_WARN_UNINITIALIZED_AUTOS = YES_AGGRESSIVE;
				GCC_WARN_UNUSED_FUNCTION = YES;
				GCC_WARN_UNUSED_VARIABLE = YES;
				IPHONEOS_DEPLOYMENT_TARGET = 10.1;
				MTL_ENABLE_DEBUG_INFO = YES;
				ONLY_ACTIVE_ARCH = YES;
				SDKROOT = iphoneos;
				SWIFT_ACTIVE_COMPILATION_CONDITIONS = DEBUG;
				SWIFT_OPTIMIZATION_LEVEL = "-Onone";
			};
			name = Debug;
		};
		FE56F6F11DD56C3F0076DCC6 /* Release */ = {
			isa = XCBuildConfiguration;
			buildSettings = {
				ALWAYS_SEARCH_USER_PATHS = NO;
				CLANG_ANALYZER_NONNULL = YES;
				CLANG_CXX_LANGUAGE_STANDARD = "gnu++0x";
				CLANG_CXX_LIBRARY = "libc++";
				CLANG_ENABLE_MODULES = YES;
				CLANG_ENABLE_OBJC_ARC = YES;
				CLANG_WARN_BOOL_CONVERSION = YES;
				CLANG_WARN_CONSTANT_CONVERSION = YES;
				CLANG_WARN_DIRECT_OBJC_ISA_USAGE = YES_ERROR;
				CLANG_WARN_DOCUMENTATION_COMMENTS = YES;
				CLANG_WARN_EMPTY_BODY = YES;
				CLANG_WARN_ENUM_CONVERSION = YES;
				CLANG_WARN_INFINITE_RECURSION = YES;
				CLANG_WARN_INT_CONVERSION = YES;
				CLANG_WARN_OBJC_ROOT_CLASS = YES_ERROR;
				CLANG_WARN_SUSPICIOUS_MOVES = YES;
				CLANG_WARN_UNREACHABLE_CODE = YES;
				CLANG_WARN__DUPLICATE_METHOD_MATCH = YES;
				"CODE_SIGN_IDENTITY[sdk=iphoneos*]" = "iPhone Developer";
				COPY_PHASE_STRIP = NO;
				DEBUG_INFORMATION_FORMAT = "dwarf-with-dsym";
				ENABLE_NS_ASSERTIONS = NO;
				ENABLE_STRICT_OBJC_MSGSEND = YES;
				GCC_C_LANGUAGE_STANDARD = gnu99;
				GCC_NO_COMMON_BLOCKS = YES;
				GCC_WARN_64_TO_32_BIT_CONVERSION = YES;
				GCC_WARN_ABOUT_RETURN_TYPE = YES_ERROR;
				GCC_WARN_UNDECLARED_SELECTOR = YES;
				GCC_WARN_UNINITIALIZED_AUTOS = YES_AGGRESSIVE;
				GCC_WARN_UNUSED_FUNCTION = YES;
				GCC_WARN_UNUSED_VARIABLE = YES;
				IPHONEOS_DEPLOYMENT_TARGET = 10.1;
				MTL_ENABLE_DEBUG_INFO = NO;
				SDKROOT = iphoneos;
				SWIFT_OPTIMIZATION_LEVEL = "-Owholemodule";
				VALIDATE_PRODUCT = YES;
			};
			name = Release;
		};
		FE56F6F31DD56C3F0076DCC6 /* Debug */ = {
			isa = XCBuildConfiguration;
			baseConfigurationReference = 04742EF5DFBC93E52E939CAA /* Pods-Pokedex.debug.xcconfig */;
			buildSettings = {
				ASSETCATALOG_COMPILER_APPICON_NAME = AppIcon;
				DEVELOPMENT_TEAM = KDG44MVL2D;
				INFOPLIST_FILE = Pokedex/Info.plist;
				LD_RUNPATH_SEARCH_PATHS = "$(inherited) @executable_path/Frameworks";
				PRODUCT_BUNDLE_IDENTIFIER = PomHaffs.Pokedex;
				PRODUCT_NAME = "$(TARGET_NAME)";
				SWIFT_VERSION = 3.0;
			};
			name = Debug;
		};
		FE56F6F41DD56C3F0076DCC6 /* Release */ = {
			isa = XCBuildConfiguration;
			baseConfigurationReference = 22150F82537E632976BE5B8C /* Pods-Pokedex.release.xcconfig */;
			buildSettings = {
				ASSETCATALOG_COMPILER_APPICON_NAME = AppIcon;
				DEVELOPMENT_TEAM = KDG44MVL2D;
				INFOPLIST_FILE = Pokedex/Info.plist;
				LD_RUNPATH_SEARCH_PATHS = "$(inherited) @executable_path/Frameworks";
				PRODUCT_BUNDLE_IDENTIFIER = PomHaffs.Pokedex;
				PRODUCT_NAME = "$(TARGET_NAME)";
				SWIFT_VERSION = 3.0;
			};
			name = Release;
		};
/* End XCBuildConfiguration section */

/* Begin XCConfigurationList section */
		FE56F6DB1DD56C3F0076DCC6 /* Build configuration list for PBXProject "Pokedex" */ = {
			isa = XCConfigurationList;
			buildConfigurations = (
				FE56F6F01DD56C3F0076DCC6 /* Debug */,
				FE56F6F11DD56C3F0076DCC6 /* Release */,
			);
			defaultConfigurationIsVisible = 0;
			defaultConfigurationName = Release;
		};
		FE56F6F21DD56C3F0076DCC6 /* Build configuration list for PBXNativeTarget "Pokedex" */ = {
			isa = XCConfigurationList;
			buildConfigurations = (
				FE56F6F31DD56C3F0076DCC6 /* Debug */,
				FE56F6F41DD56C3F0076DCC6 /* Release */,
			);
			defaultConfigurationIsVisible = 0;
			defaultConfigurationName = Release;
		};
/* End XCConfigurationList section */
	};
	rootObject = FE56F6D81DD56C3F0076DCC6 /* Project object */;
}
